// !$*UTF8*$!
{
	archiveVersion = 1;
	classes = {
	};
	objectVersion = 46;
	objects = {

/* Begin PBXBuildFile section */
		A3B76CA91F1DCED9006BCBCF /* main.m in Sources */ = {isa = PBXBuildFile; fileRef = A3B76CA81F1DCED9006BCBCF /* main.m */; };
		A3B76CAC1F1DCED9006BCBCF /* AppDelegate.m in Sources */ = {isa = PBXBuildFile; fileRef = A3B76CAB1F1DCED9006BCBCF /* AppDelegate.m */; };
		A3B76CAF1F1DCED9006BCBCF /* ViewController.m in Sources */ = {isa = PBXBuildFile; fileRef = A3B76CAE1F1DCED9006BCBCF /* ViewController.m */; };
		A3B76CB21F1DCED9006BCBCF /* Main.storyboard in Resources */ = {isa = PBXBuildFile; fileRef = A3B76CB01F1DCED9006BCBCF /* Main.storyboard */; };
		A3B76CB41F1DCED9006BCBCF /* Assets.xcassets in Resources */ = {isa = PBXBuildFile; fileRef = A3B76CB31F1DCED9006BCBCF /* Assets.xcassets */; };
		A3B76CB71F1DCED9006BCBCF /* LaunchScreen.storyboard in Resources */ = {isa = PBXBuildFile; fileRef = A3B76CB51F1DCED9006BCBCF /* LaunchScreen.storyboard */; };
		A3B76CC21F1DCED9006BCBCF /* ex2_4_8Tests.m in Sources */ = {isa = PBXBuildFile; fileRef = A3B76CC11F1DCED9006BCBCF /* ex2_4_8Tests.m */; };
		A3B76CCD1F1DCED9006BCBCF /* ex2_4_8UITests.m in Sources */ = {isa = PBXBuildFile; fileRef = A3B76CCC1F1DCED9006BCBCF /* ex2_4_8UITests.m */; };
/* End PBXBuildFile section */

/* Begin PBXContainerItemProxy section */
		A3B76CBE1F1DCED9006BCBCF /* PBXContainerItemProxy */ = {
			isa = PBXContainerItemProxy;
			containerPortal = A3B76C9C1F1DCED9006BCBCF /* Project object */;
			proxyType = 1;
			remoteGlobalIDString = A3B76CA31F1DCED9006BCBCF;
			remoteInfo = "ex2-4-8";
		};
		A3B76CC91F1DCED9006BCBCF /* PBXContainerItemProxy */ = {
			isa = PBXContainerItemProxy;
			containerPortal = A3B76C9C1F1DCED9006BCBCF /* Project object */;
			proxyType = 1;
			remoteGlobalIDString = A3B76CA31F1DCED9006BCBCF;
			remoteInfo = "ex2-4-8";
		};
/* End PBXContainerItemProxy section */

/* Begin PBXFileReference section */
		A3B76CA41F1DCED9006BCBCF /* ex2-4-8.app */ = {isa = PBXFileReference; explicitFileType = wrapper.application; includeInIndex = 0; path = "ex2-4-8.app"; sourceTree = BUILT_PRODUCTS_DIR; };
		A3B76CA81F1DCED9006BCBCF /* main.m */ = {isa = PBXFileReference; lastKnownFileType = sourcecode.c.objc; path = main.m; sourceTree = "<group>"; };
		A3B76CAA1F1DCED9006BCBCF /* AppDelegate.h */ = {isa = PBXFileReference; lastKnownFileType = sourcecode.c.h; path = AppDelegate.h; sourceTree = "<group>"; };
		A3B76CAB1F1DCED9006BCBCF /* AppDelegate.m */ = {isa = PBXFileReference; lastKnownFileType = sourcecode.c.objc; path = AppDelegate.m; sourceTree = "<group>"; };
		A3B76CAD1F1DCED9006BCBCF /* ViewController.h */ = {isa = PBXFileReference; lastKnownFileType = sourcecode.c.h; path = ViewController.h; sourceTree = "<group>"; };
		A3B76CAE1F1DCED9006BCBCF /* ViewController.m */ = {isa = PBXFileReference; lastKnownFileType = sourcecode.c.objc; path = ViewController.m; sourceTree = "<group>"; };
		A3B76CB11F1DCED9006BCBCF /* Base */ = {isa = PBXFileReference; lastKnownFileType = file.storyboard; name = Base; path = Base.lproj/Main.storyboard; sourceTree = "<group>"; };
		A3B76CB31F1DCED9006BCBCF /* Assets.xcassets */ = {isa = PBXFileReference; lastKnownFileType = folder.assetcatalog; path = Assets.xcassets; sourceTree = "<group>"; };
		A3B76CB61F1DCED9006BCBCF /* Base */ = {isa = PBXFileReference; lastKnownFileType = file.storyboard; name = Base; path = Base.lproj/LaunchScreen.storyboard; sourceTree = "<group>"; };
		A3B76CB81F1DCED9006BCBCF /* Info.plist */ = {isa = PBXFileReference; lastKnownFileType = text.plist.xml; path = Info.plist; sourceTree = "<group>"; };
		A3B76CBD1F1DCED9006BCBCF /* ex2-4-8Tests.xctest */ = {isa = PBXFileReference; explicitFileType = wrapper.cfbundle; includeInIndex = 0; path = "ex2-4-8Tests.xctest"; sourceTree = BUILT_PRODUCTS_DIR; };
		A3B76CC11F1DCED9006BCBCF /* ex2_4_8Tests.m */ = {isa = PBXFileReference; lastKnownFileType = sourcecode.c.objc; path = ex2_4_8Tests.m; sourceTree = "<group>"; };
		A3B76CC31F1DCED9006BCBCF /* Info.plist */ = {isa = PBXFileReference; lastKnownFileType = text.plist.xml; path = Info.plist; sourceTree = "<group>"; };
		A3B76CC81F1DCED9006BCBCF /* ex2-4-8UITests.xctest */ = {isa = PBXFileReference; explicitFileType = wrapper.cfbundle; includeInIndex = 0; path = "ex2-4-8UITests.xctest"; sourceTree = BUILT_PRODUCTS_DIR; };
		A3B76CCC1F1DCED9006BCBCF /* ex2_4_8UITests.m */ = {isa = PBXFileReference; lastKnownFileType = sourcecode.c.objc; path = ex2_4_8UITests.m; sourceTree = "<group>"; };
		A3B76CCE1F1DCED9006BCBCF /* Info.plist */ = {isa = PBXFileReference; lastKnownFileType = text.plist.xml; path = Info.plist; sourceTree = "<group>"; };
/* End PBXFileReference section */

/* Begin PBXFrameworksBuildPhase section */
		A3B76CA11F1DCED9006BCBCF /* Frameworks */ = {
			isa = PBXFrameworksBuildPhase;
			buildActionMask = 2147483647;
			files = (
			);
			runOnlyForDeploymentPostprocessing = 0;
		};
		A3B76CBA1F1DCED9006BCBCF /* Frameworks */ = {
			isa = PBXFrameworksBuildPhase;
			buildActionMask = 2147483647;
			files = (
			);
			runOnlyForDeploymentPostprocessing = 0;
		};
		A3B76CC51F1DCED9006BCBCF /* Frameworks */ = {
			isa = PBXFrameworksBuildPhase;
			buildActionMask = 2147483647;
			files = (
			);
			runOnlyForDeploymentPostprocessing = 0;
		};
/* End PBXFrameworksBuildPhase section */

/* Begin PBXGroup section */
		A3B76C9B1F1DCED9006BCBCF = {
			isa = PBXGroup;
			children = (
				A3B76CA61F1DCED9006BCBCF /* ex2-4-8 */,
				A3B76CC01F1DCED9006BCBCF /* ex2-4-8Tests */,
				A3B76CCB1F1DCED9006BCBCF /* ex2-4-8UITests */,
				A3B76CA51F1DCED9006BCBCF /* Products */,
			);
			sourceTree = "<group>";
		};
		A3B76CA51F1DCED9006BCBCF /* Products */ = {
			isa = PBXGroup;
			children = (
				A3B76CA41F1DCED9006BCBCF /* ex2-4-8.app */,
				A3B76CBD1F1DCED9006BCBCF /* ex2-4-8Tests.xctest */,
				A3B76CC81F1DCED9006BCBCF /* ex2-4-8UITests.xctest */,
			);
			name = Products;
			sourceTree = "<group>";
		};
		A3B76CA61F1DCED9006BCBCF /* ex2-4-8 */ = {
			isa = PBXGroup;
			children = (
				A3B76CAA1F1DCED9006BCBCF /* AppDelegate.h */,
				A3B76CAB1F1DCED9006BCBCF /* AppDelegate.m */,
				A3B76CAD1F1DCED9006BCBCF /* ViewController.h */,
				A3B76CAE1F1DCED9006BCBCF /* ViewController.m */,
				A3B76CB01F1DCED9006BCBCF /* Main.storyboard */,
				A3B76CB31F1DCED9006BCBCF /* Assets.xcassets */,
				A3B76CB51F1DCED9006BCBCF /* LaunchScreen.storyboard */,
				A3B76CB81F1DCED9006BCBCF /* Info.plist */,
				A3B76CA71F1DCED9006BCBCF /* Supporting Files */,
			);
			path = "ex2-4-8";
			sourceTree = "<group>";
		};
		A3B76CA71F1DCED9006BCBCF /* Supporting Files */ = {
			isa = PBXGroup;
			children = (
				A3B76CA81F1DCED9006BCBCF /* main.m */,
			);
			name = "Supporting Files";
			sourceTree = "<group>";
		};
		A3B76CC01F1DCED9006BCBCF /* ex2-4-8Tests */ = {
			isa = PBXGroup;
			children = (
				A3B76CC11F1DCED9006BCBCF /* ex2_4_8Tests.m */,
				A3B76CC31F1DCED9006BCBCF /* Info.plist */,
			);
			path = "ex2-4-8Tests";
			sourceTree = "<group>";
		};
		A3B76CCB1F1DCED9006BCBCF /* ex2-4-8UITests */ = {
			isa = PBXGroup;
			children = (
				A3B76CCC1F1DCED9006BCBCF /* ex2_4_8UITests.m */,
				A3B76CCE1F1DCED9006BCBCF /* Info.plist */,
			);
			path = "ex2-4-8UITests";
			sourceTree = "<group>";
		};
/* End PBXGroup section */

/* Begin PBXNativeTarget section */
		A3B76CA31F1DCED9006BCBCF /* ex2-4-8 */ = {
			isa = PBXNativeTarget;
			buildConfigurationList = A3B76CD11F1DCED9006BCBCF /* Build configuration list for PBXNativeTarget "ex2-4-8" */;
			buildPhases = (
				A3B76CA01F1DCED9006BCBCF /* Sources */,
				A3B76CA11F1DCED9006BCBCF /* Frameworks */,
				A3B76CA21F1DCED9006BCBCF /* Resources */,
			);
			buildRules = (
			);
			dependencies = (
			);
			name = "ex2-4-8";
			productName = "ex2-4-8";
			productReference = A3B76CA41F1DCED9006BCBCF /* ex2-4-8.app */;
			productType = "com.apple.product-type.application";
		};
		A3B76CBC1F1DCED9006BCBCF /* ex2-4-8Tests */ = {
			isa = PBXNativeTarget;
			buildConfigurationList = A3B76CD41F1DCED9006BCBCF /* Build configuration list for PBXNativeTarget "ex2-4-8Tests" */;
			buildPhases = (
				A3B76CB91F1DCED9006BCBCF /* Sources */,
				A3B76CBA1F1DCED9006BCBCF /* Frameworks */,
				A3B76CBB1F1DCED9006BCBCF /* Resources */,
			);
			buildRules = (
			);
			dependencies = (
				A3B76CBF1F1DCED9006BCBCF /* PBXTargetDependency */,
			);
			name = "ex2-4-8Tests";
			productName = "ex2-4-8Tests";
			productReference = A3B76CBD1F1DCED9006BCBCF /* ex2-4-8Tests.xctest */;
			productType = "com.apple.product-type.bundle.unit-test";
		};
		A3B76CC71F1DCED9006BCBCF /* ex2-4-8UITests */ = {
			isa = PBXNativeTarget;
			buildConfigurationList = A3B76CD71F1DCED9006BCBCF /* Build configuration list for PBXNativeTarget "ex2-4-8UITests" */;
			buildPhases = (
				A3B76CC41F1DCED9006BCBCF /* Sources */,
				A3B76CC51F1DCED9006BCBCF /* Frameworks */,
				A3B76CC61F1DCED9006BCBCF /* Resources */,
			);
			buildRules = (
			);
			dependencies = (
				A3B76CCA1F1DCED9006BCBCF /* PBXTargetDependency */,
			);
			name = "ex2-4-8UITests";
			productName = "ex2-4-8UITests";
			productReference = A3B76CC81F1DCED9006BCBCF /* ex2-4-8UITests.xctest */;
			productType = "com.apple.product-type.bundle.ui-testing";
		};
/* End PBXNativeTarget section */

/* Begin PBXProject section */
		A3B76C9C1F1DCED9006BCBCF /* Project object */ = {
			isa = PBXProject;
			attributes = {
				LastUpgradeCheck = 0830;
				ORGANIZATIONNAME = ryota;
				TargetAttributes = {
					A3B76CA31F1DCED9006BCBCF = {
						CreatedOnToolsVersion = 8.3.3;
						DevelopmentTeam = F39YLTWJFM;
						ProvisioningStyle = Automatic;
					};
					A3B76CBC1F1DCED9006BCBCF = {
						CreatedOnToolsVersion = 8.3.3;
						DevelopmentTeam = F39YLTWJFM;
						ProvisioningStyle = Automatic;
						TestTargetID = A3B76CA31F1DCED9006BCBCF;
					};
					A3B76CC71F1DCED9006BCBCF = {
						CreatedOnToolsVersion = 8.3.3;
						DevelopmentTeam = F39YLTWJFM;
						ProvisioningStyle = Automatic;
						TestTargetID = A3B76CA31F1DCED9006BCBCF;
					};
				};
			};
			buildConfigurationList = A3B76C9F1F1DCED9006BCBCF /* Build configuration list for PBXProject "ex2-4-8" */;
			compatibilityVersion = "Xcode 3.2";
			developmentRegion = English;
			hasScannedForEncodings = 0;
			knownRegions = (
				en,
				Base,
			);
			mainGroup = A3B76C9B1F1DCED9006BCBCF;
			productRefGroup = A3B76CA51F1DCED9006BCBCF /* Products */;
			projectDirPath = "";
			projectRoot = "";
			targets = (
				A3B76CA31F1DCED9006BCBCF /* ex2-4-8 */,
				A3B76CBC1F1DCED9006BCBCF /* ex2-4-8Tests */,
				A3B76CC71F1DCED9006BCBCF /* ex2-4-8UITests */,
			);
		};
/* End PBXProject section */

/* Begin PBXResourcesBuildPhase section */
		A3B76CA21F1DCED9006BCBCF /* Resources */ = {
			isa = PBXResourcesBuildPhase;
			buildActionMask = 2147483647;
			files = (
				A3B76CB71F1DCED9006BCBCF /* LaunchScreen.storyboard in Resources */,
				A3B76CB41F1DCED9006BCBCF /* Assets.xcassets in Resources */,
				A3B76CB21F1DCED9006BCBCF /* Main.storyboard in Resources */,
			);
			runOnlyForDeploymentPostprocessing = 0;
		};
		A3B76CBB1F1DCED9006BCBCF /* Resources */ = {
			isa = PBXResourcesBuildPhase;
			buildActionMask = 2147483647;
			files = (
			);
			runOnlyForDeploymentPostprocessing = 0;
		};
		A3B76CC61F1DCED9006BCBCF /* Resources */ = {
			isa = PBXResourcesBuildPhase;
			buildActionMask = 2147483647;
			files = (
			);
			runOnlyForDeploymentPostprocessing = 0;
		};
/* End PBXResourcesBuildPhase section */

/* Begin PBXSourcesBuildPhase section */
		A3B76CA01F1DCED9006BCBCF /* Sources */ = {
			isa = PBXSourcesBuildPhase;
			buildActionMask = 2147483647;
			files = (
				A3B76CAF1F1DCED9006BCBCF /* ViewController.m in Sources */,
				A3B76CAC1F1DCED9006BCBCF /* AppDelegate.m in Sources */,
				A3B76CA91F1DCED9006BCBCF /* main.m in Sources */,
			);
			runOnlyForDeploymentPostprocessing = 0;
		};
		A3B76CB91F1DCED9006BCBCF /* Sources */ = {
			isa = PBXSourcesBuildPhase;
			buildActionMask = 2147483647;
			files = (
				A3B76CC21F1DCED9006BCBCF /* ex2_4_8Tests.m in Sources */,
			);
			runOnlyForDeploymentPostprocessing = 0;
		};
		A3B76CC41F1DCED9006BCBCF /* Sources */ = {
			isa = PBXSourcesBuildPhase;
			buildActionMask = 2147483647;
			files = (
				A3B76CCD1F1DCED9006BCBCF /* ex2_4_8UITests.m in Sources */,
			);
			runOnlyForDeploymentPostprocessing = 0;
		};
/* End PBXSourcesBuildPhase section */

/* Begin PBXTargetDependency section */
		A3B76CBF1F1DCED9006BCBCF /* PBXTargetDependency */ = {
			isa = PBXTargetDependency;
			target = A3B76CA31F1DCED9006BCBCF /* ex2-4-8 */;
			targetProxy = A3B76CBE1F1DCED9006BCBCF /* PBXContainerItemProxy */;
		};
		A3B76CCA1F1DCED9006BCBCF /* PBXTargetDependency */ = {
			isa = PBXTargetDependency;
			target = A3B76CA31F1DCED9006BCBCF /* ex2-4-8 */;
			targetProxy = A3B76CC91F1DCED9006BCBCF /* PBXContainerItemProxy */;
		};
/* End PBXTargetDependency section */

/* Begin PBXVariantGroup section */
		A3B76CB01F1DCED9006BCBCF /* Main.storyboard */ = {
			isa = PBXVariantGroup;
			children = (
				A3B76CB11F1DCED9006BCBCF /* Base */,
			);
			name = Main.storyboard;
			sourceTree = "<group>";
		};
		A3B76CB51F1DCED9006BCBCF /* LaunchScreen.storyboard */ = {
			isa = PBXVariantGroup;
			children = (
				A3B76CB61F1DCED9006BCBCF /* Base */,
			);
			name = LaunchScreen.storyboard;
			sourceTree = "<group>";
		};
/* End PBXVariantGroup section */

/* Begin XCBuildConfiguration section */
		A3B76CCF1F1DCED9006BCBCF /* Debug */ = {
			isa = XCBuildConfiguration;
			buildSettings = {
				ALWAYS_SEARCH_USER_PATHS = NO;
				CLANG_ANALYZER_NONNULL = YES;
				CLANG_ANALYZER_NUMBER_OBJECT_CONVERSION = YES_AGGRESSIVE;
				CLANG_CXX_LANGUAGE_STANDARD = "gnu++0x";
				CLANG_CXX_LIBRARY = "libc++";
				CLANG_ENABLE_MODULES = YES;
				CLANG_ENABLE_OBJC_ARC = YES;
				CLANG_WARN_BOOL_CONVERSION = YES;
				CLANG_WARN_CONSTANT_CONVERSION = YES;
				CLANG_WARN_DIRECT_OBJC_ISA_USAGE = YES_ERROR;
				CLANG_WARN_DOCUMENTATION_COMMENTS = YES;
				CLANG_WARN_EMPTY_BODY = YES;
				CLANG_WARN_ENUM_CONVERSION = YES;
				CLANG_WARN_INFINITE_RECURSION = YES;
				CLANG_WARN_INT_CONVERSION = YES;
				CLANG_WARN_OBJC_ROOT_CLASS = YES_ERROR;
				CLANG_WARN_SUSPICIOUS_MOVE = YES;
				CLANG_WARN_UNREACHABLE_CODE = YES;
				CLANG_WARN__DUPLICATE_METHOD_MATCH = YES;
				"CODE_SIGN_IDENTITY[sdk=iphoneos*]" = "iPhone Developer";
				COPY_PHASE_STRIP = NO;
				DEBUG_INFORMATION_FORMAT = dwarf;
				ENABLE_STRICT_OBJC_MSGSEND = YES;
				ENABLE_TESTABILITY = YES;
				GCC_C_LANGUAGE_STANDARD = gnu99;
				GCC_DYNAMIC_NO_PIC = NO;
				GCC_NO_COMMON_BLOCKS = YES;
				GCC_OPTIMIZATION_LEVEL = 0;
				GCC_PREPROCESSOR_DEFINITIONS = (
					"DEBUG=1",
					"$(inherited)",
				);
				GCC_WARN_64_TO_32_BIT_CONVERSION = YES;
				GCC_WARN_ABOUT_RETURN_TYPE = YES_ERROR;
				GCC_WARN_UNDECLARED_SELECTOR = YES;
				GCC_WARN_UNINITIALIZED_AUTOS = YES_AGGRESSIVE;
				GCC_WARN_UNUSED_FUNCTION = YES;
				GCC_WARN_UNUSED_VARIABLE = YES;
				IPHONEOS_DEPLOYMENT_TARGET = 10.3;
				MTL_ENABLE_DEBUG_INFO = YES;
				ONLY_ACTIVE_ARCH = YES;
				SDKROOT = iphoneos;
				TARGETED_DEVICE_FAMILY = "1,2";
			};
			name = Debug;
		};
		A3B76CD01F1DCED9006BCBCF /* Release */ = {
			isa = XCBuildConfiguration;
			buildSettings = {
				ALWAYS_SEARCH_USER_PATHS = NO;
				CLANG_ANALYZER_NONNULL = YES;
				CLANG_ANALYZER_NUMBER_OBJECT_CONVERSION = YES_AGGRESSIVE;
				CLANG_CXX_LANGUAGE_STANDARD = "gnu++0x";
				CLANG_CXX_LIBRARY = "libc++";
				CLANG_ENABLE_MODULES = YES;
				CLANG_ENABLE_OBJC_ARC = YES;
				CLANG_WARN_BOOL_CONVERSION = YES;
				CLANG_WARN_CONSTANT_CONVERSION = YES;
				CLANG_WARN_DIRECT_OBJC_ISA_USAGE = YES_ERROR;
				CLANG_WARN_DOCUMENTATION_COMMENTS = YES;
				CLANG_WARN_EMPTY_BODY = YES;
				CLANG_WARN_ENUM_CONVERSION = YES;
				CLANG_WARN_INFINITE_RECURSION = YES;
				CLANG_WARN_INT_CONVERSION = YES;
				CLANG_WARN_OBJC_ROOT_CLASS = YES_ERROR;
				CLANG_WARN_SUSPICIOUS_MOVE = YES;
				CLANG_WARN_UNREACHABLE_CODE = YES;
				CLANG_WARN__DUPLICATE_METHOD_MATCH = YES;
				"CODE_SIGN_IDENTITY[sdk=iphoneos*]" = "iPhone Developer";
				COPY_PHASE_STRIP = NO;
				DEBUG_INFORMATION_FORMAT = "dwarf-with-dsym";
				ENABLE_NS_ASSERTIONS = NO;
				ENABLE_STRICT_OBJC_MSGSEND = YES;
				GCC_C_LANGUAGE_STANDARD = gnu99;
				GCC_NO_COMMON_BLOCKS = YES;
				GCC_WARN_64_TO_32_BIT_CONVERSION = YES;
				GCC_WARN_ABOUT_RETURN_TYPE = YES_ERROR;
				GCC_WARN_UNDECLARED_SELECTOR = YES;
				GCC_WARN_UNINITIALIZED_AUTOS = YES_AGGRESSIVE;
				GCC_WARN_UNUSED_FUNCTION = YES;
				GCC_WARN_UNUSED_VARIABLE = YES;
				IPHONEOS_DEPLOYMENT_TARGET = 10.3;
				MTL_ENABLE_DEBUG_INFO = NO;
				SDKROOT = iphoneos;
				TARGETED_DEVICE_FAMILY = "1,2";
				VALIDATE_PRODUCT = YES;
			};
			name = Release;
		};
		A3B76CD21F1DCED9006BCBCF /* Debug */ = {
			isa = XCBuildConfiguration;
			buildSettings = {
				ASSETCATALOG_COMPILER_APPICON_NAME = AppIcon;
				DEVELOPMENT_TEAM = F39YLTWJFM;
				INFOPLIST_FILE = "ex2-4-8/Info.plist";
				LD_RUNPATH_SEARCH_PATHS = "$(inherited) @executable_path/Frameworks";
				PRODUCT_BUNDLE_IDENTIFIER = "ryotaF.ex2-4-8";
				PRODUCT_NAME = "$(TARGET_NAME)";
			};
			name = Debug;
		};
		A3B76CD31F1DCED9006BCBCF /* Release */ = {
			isa = XCBuildConfiguration;
			buildSettings = {
				ASSETCATALOG_COMPILER_APPICON_NAME = AppIcon;
				DEVELOPMENT_TEAM = F39YLTWJFM;
				INFOPLIST_FILE = "ex2-4-8/Info.plist";
				LD_RUNPATH_SEARCH_PATHS = "$(inherited) @executable_path/Frameworks";
				PRODUCT_BUNDLE_IDENTIFIER = "ryotaF.ex2-4-8";
				PRODUCT_NAME = "$(TARGET_NAME)";
			};
			name = Release;
		};
		A3B76CD51F1DCED9006BCBCF /* Debug */ = {
			isa = XCBuildConfiguration;
			buildSettings = {
				BUNDLE_LOADER = "$(TEST_HOST)";
				DEVELOPMENT_TEAM = F39YLTWJFM;
				INFOPLIST_FILE = "ex2-4-8Tests/Info.plist";
				LD_RUNPATH_SEARCH_PATHS = "$(inherited) @executable_path/Frameworks @loader_path/Frameworks";
				PRODUCT_BUNDLE_IDENTIFIER = "ryotaF.ex2-4-8Tests";
				PRODUCT_NAME = "$(TARGET_NAME)";
				TEST_HOST = "$(BUILT_PRODUCTS_DIR)/ex2-4-8.app/ex2-4-8";
			};
			name = Debug;
		};
		A3B76CD61F1DCED9006BCBCF /* Release */ = {
			isa = XCBuildConfiguration;
			buildSettings = {
				BUNDLE_LOADER = "$(TEST_HOST)";
				DEVELOPMENT_TEAM = F39YLTWJFM;
				INFOPLIST_FILE = "ex2-4-8Tests/Info.plist";
				LD_RUNPATH_SEARCH_PATHS = "$(inherited) @executable_path/Frameworks @loader_path/Frameworks";
				PRODUCT_BUNDLE_IDENTIFIER = "ryotaF.ex2-4-8Tests";
				PRODUCT_NAME = "$(TARGET_NAME)";
				TEST_HOST = "$(BUILT_PRODUCTS_DIR)/ex2-4-8.app/ex2-4-8";
			};
			name = Release;
		};
		A3B76CD81F1DCED9006BCBCF /* Debug */ = {
			isa = XCBuildConfiguration;
			buildSettings = {
				DEVELOPMENT_TEAM = F39YLTWJFM;
				INFOPLIST_FILE = "ex2-4-8UITests/Info.plist";
				LD_RUNPATH_SEARCH_PATHS = "$(inherited) @executable_path/Frameworks @loader_path/Frameworks";
				PRODUCT_BUNDLE_IDENTIFIER = "ryotaF.ex2-4-8UITests";
				PRODUCT_NAME = "$(TARGET_NAME)";
				TEST_TARGET_NAME = "ex2-4-8";
			};
			name = Debug;
		};
		A3B76CD91F1DCED9006BCBCF /* Release */ = {
			isa = XCBuildConfiguration;
			buildSettings = {
				DEVELOPMENT_TEAM = F39YLTWJFM;
				INFOPLIST_FILE = "ex2-4-8UITests/Info.plist";
				LD_RUNPATH_SEARCH_PATHS = "$(inherited) @executable_path/Frameworks @loader_path/Frameworks";
				PRODUCT_BUNDLE_IDENTIFIER = "ryotaF.ex2-4-8UITests";
				PRODUCT_NAME = "$(TARGET_NAME)";
				TEST_TARGET_NAME = "ex2-4-8";
			};
			name = Release;
		};
/* End XCBuildConfiguration section */

/* Begin XCConfigurationList section */
		A3B76C9F1F1DCED9006BCBCF /* Build configuration list for PBXProject "ex2-4-8" */ = {
			isa = XCConfigurationList;
			buildConfigurations = (
				A3B76CCF1F1DCED9006BCBCF /* Debug */,
				A3B76CD01F1DCED9006BCBCF /* Release */,
			);
			defaultConfigurationIsVisible = 0;
			defaultConfigurationName = Release;
		};
		A3B76CD11F1DCED9006BCBCF /* Build configuration list for PBXNativeTarget "ex2-4-8" */ = {
			isa = XCConfigurationList;
			buildConfigurations = (
				A3B76CD21F1DCED9006BCBCF /* Debug */,
				A3B76CD31F1DCED9006BCBCF /* Release */,
			);
			defaultConfigurationIsVisible = 0;
		};
		A3B76CD41F1DCED9006BCBCF /* Build configuration list for PBXNativeTarget "ex2-4-8Tests" */ = {
			isa = XCConfigurationList;
			buildConfigurations = (
				A3B76CD51F1DCED9006BCBCF /* Debug */,
				A3B76CD61F1DCED9006BCBCF /* Release */,
			);
			defaultConfigurationIsVisible = 0;
		};
		A3B76CD71F1DCED9006BCBCF /* Build configuration list for PBXNativeTarget "ex2-4-8UITests" */ = {
			isa = XCConfigurationList;
			buildConfigurations = (
				A3B76CD81F1DCED9006BCBCF /* Debug */,
				A3B76CD91F1DCED9006BCBCF /* Release */,
			);
			defaultConfigurationIsVisible = 0;
		};
/* End XCConfigurationList section */
	};
	rootObject = A3B76C9C1F1DCED9006BCBCF /* Project object */;
}
