// !$*UTF8*$!
{
	archiveVersion = 1;
	classes = {
	};
	objectVersion = 46;
	objects = {

/* Begin PBXBuildFile section */
		A30555931F2B879800814A37 /* main.m in Sources */ = {isa = PBXBuildFile; fileRef = A30555921F2B879800814A37 /* main.m */; };
		A30555961F2B879800814A37 /* AppDelegate.m in Sources */ = {isa = PBXBuildFile; fileRef = A30555951F2B879800814A37 /* AppDelegate.m */; };
		A30555991F2B879800814A37 /* ViewController.m in Sources */ = {isa = PBXBuildFile; fileRef = A30555981F2B879800814A37 /* ViewController.m */; };
		A305559C1F2B879800814A37 /* Main.storyboard in Resources */ = {isa = PBXBuildFile; fileRef = A305559A1F2B879800814A37 /* Main.storyboard */; };
		A305559E1F2B879800814A37 /* Assets.xcassets in Resources */ = {isa = PBXBuildFile; fileRef = A305559D1F2B879800814A37 /* Assets.xcassets */; };
		A30555A11F2B879800814A37 /* LaunchScreen.storyboard in Resources */ = {isa = PBXBuildFile; fileRef = A305559F1F2B879800814A37 /* LaunchScreen.storyboard */; };
		A30555AC1F2B879800814A37 /* ex2_6_1Tests.m in Sources */ = {isa = PBXBuildFile; fileRef = A30555AB1F2B879800814A37 /* ex2_6_1Tests.m */; };
		A30555B71F2B879800814A37 /* ex2_6_1UITests.m in Sources */ = {isa = PBXBuildFile; fileRef = A30555B61F2B879800814A37 /* ex2_6_1UITests.m */; };
		A30555C51F2B892200814A37 /* comment_DlN7Sn2Fmr84alVSCzygILvW3lgjAUR5.jpg in Resources */ = {isa = PBXBuildFile; fileRef = A30555C41F2B892200814A37 /* comment_DlN7Sn2Fmr84alVSCzygILvW3lgjAUR5.jpg */; };
/* End PBXBuildFile section */

/* Begin PBXContainerItemProxy section */
		A30555A81F2B879800814A37 /* PBXContainerItemProxy */ = {
			isa = PBXContainerItemProxy;
			containerPortal = A30555861F2B879800814A37 /* Project object */;
			proxyType = 1;
			remoteGlobalIDString = A305558D1F2B879800814A37;
			remoteInfo = "ex2-6-1";
		};
		A30555B31F2B879800814A37 /* PBXContainerItemProxy */ = {
			isa = PBXContainerItemProxy;
			containerPortal = A30555861F2B879800814A37 /* Project object */;
			proxyType = 1;
			remoteGlobalIDString = A305558D1F2B879800814A37;
			remoteInfo = "ex2-6-1";
		};
/* End PBXContainerItemProxy section */

/* Begin PBXFileReference section */
		A305558E1F2B879800814A37 /* ex2-6-1.app */ = {isa = PBXFileReference; explicitFileType = wrapper.application; includeInIndex = 0; path = "ex2-6-1.app"; sourceTree = BUILT_PRODUCTS_DIR; };
		A30555921F2B879800814A37 /* main.m */ = {isa = PBXFileReference; lastKnownFileType = sourcecode.c.objc; path = main.m; sourceTree = "<group>"; };
		A30555941F2B879800814A37 /* AppDelegate.h */ = {isa = PBXFileReference; lastKnownFileType = sourcecode.c.h; path = AppDelegate.h; sourceTree = "<group>"; };
		A30555951F2B879800814A37 /* AppDelegate.m */ = {isa = PBXFileReference; lastKnownFileType = sourcecode.c.objc; path = AppDelegate.m; sourceTree = "<group>"; };
		A30555971F2B879800814A37 /* ViewController.h */ = {isa = PBXFileReference; lastKnownFileType = sourcecode.c.h; path = ViewController.h; sourceTree = "<group>"; };
		A30555981F2B879800814A37 /* ViewController.m */ = {isa = PBXFileReference; lastKnownFileType = sourcecode.c.objc; path = ViewController.m; sourceTree = "<group>"; };
		A305559B1F2B879800814A37 /* Base */ = {isa = PBXFileReference; lastKnownFileType = file.storyboard; name = Base; path = Base.lproj/Main.storyboard; sourceTree = "<group>"; };
		A305559D1F2B879800814A37 /* Assets.xcassets */ = {isa = PBXFileReference; lastKnownFileType = folder.assetcatalog; path = Assets.xcassets; sourceTree = "<group>"; };
		A30555A01F2B879800814A37 /* Base */ = {isa = PBXFileReference; lastKnownFileType = file.storyboard; name = Base; path = Base.lproj/LaunchScreen.storyboard; sourceTree = "<group>"; };
		A30555A21F2B879800814A37 /* Info.plist */ = {isa = PBXFileReference; lastKnownFileType = text.plist.xml; path = Info.plist; sourceTree = "<group>"; };
		A30555A71F2B879800814A37 /* ex2-6-1Tests.xctest */ = {isa = PBXFileReference; explicitFileType = wrapper.cfbundle; includeInIndex = 0; path = "ex2-6-1Tests.xctest"; sourceTree = BUILT_PRODUCTS_DIR; };
		A30555AB1F2B879800814A37 /* ex2_6_1Tests.m */ = {isa = PBXFileReference; lastKnownFileType = sourcecode.c.objc; path = ex2_6_1Tests.m; sourceTree = "<group>"; };
		A30555AD1F2B879800814A37 /* Info.plist */ = {isa = PBXFileReference; lastKnownFileType = text.plist.xml; path = Info.plist; sourceTree = "<group>"; };
		A30555B21F2B879800814A37 /* ex2-6-1UITests.xctest */ = {isa = PBXFileReference; explicitFileType = wrapper.cfbundle; includeInIndex = 0; path = "ex2-6-1UITests.xctest"; sourceTree = BUILT_PRODUCTS_DIR; };
		A30555B61F2B879800814A37 /* ex2_6_1UITests.m */ = {isa = PBXFileReference; lastKnownFileType = sourcecode.c.objc; path = ex2_6_1UITests.m; sourceTree = "<group>"; };
		A30555B81F2B879800814A37 /* Info.plist */ = {isa = PBXFileReference; lastKnownFileType = text.plist.xml; path = Info.plist; sourceTree = "<group>"; };
		A30555C41F2B892200814A37 /* comment_DlN7Sn2Fmr84alVSCzygILvW3lgjAUR5.jpg */ = {isa = PBXFileReference; lastKnownFileType = image.jpeg; name = comment_DlN7Sn2Fmr84alVSCzygILvW3lgjAUR5.jpg; path = ../../../Downloads/comment_DlN7Sn2Fmr84alVSCzygILvW3lgjAUR5.jpg; sourceTree = "<group>"; };
/* End PBXFileReference section */

/* Begin PBXFrameworksBuildPhase section */
		A305558B1F2B879800814A37 /* Frameworks */ = {
			isa = PBXFrameworksBuildPhase;
			buildActionMask = 2147483647;
			files = (
			);
			runOnlyForDeploymentPostprocessing = 0;
		};
		A30555A41F2B879800814A37 /* Frameworks */ = {
			isa = PBXFrameworksBuildPhase;
			buildActionMask = 2147483647;
			files = (
			);
			runOnlyForDeploymentPostprocessing = 0;
		};
		A30555AF1F2B879800814A37 /* Frameworks */ = {
			isa = PBXFrameworksBuildPhase;
			buildActionMask = 2147483647;
			files = (
			);
			runOnlyForDeploymentPostprocessing = 0;
		};
/* End PBXFrameworksBuildPhase section */

/* Begin PBXGroup section */
		A30555851F2B879800814A37 = {
			isa = PBXGroup;
			children = (
				A30555901F2B879800814A37 /* ex2-6-1 */,
				A30555AA1F2B879800814A37 /* ex2-6-1Tests */,
				A30555B51F2B879800814A37 /* ex2-6-1UITests */,
				A305558F1F2B879800814A37 /* Products */,
			);
			sourceTree = "<group>";
		};
		A305558F1F2B879800814A37 /* Products */ = {
			isa = PBXGroup;
			children = (
				A305558E1F2B879800814A37 /* ex2-6-1.app */,
				A30555A71F2B879800814A37 /* ex2-6-1Tests.xctest */,
				A30555B21F2B879800814A37 /* ex2-6-1UITests.xctest */,
			);
			name = Products;
			sourceTree = "<group>";
		};
		A30555901F2B879800814A37 /* ex2-6-1 */ = {
			isa = PBXGroup;
			children = (
				A30555941F2B879800814A37 /* AppDelegate.h */,
				A30555951F2B879800814A37 /* AppDelegate.m */,
				A30555971F2B879800814A37 /* ViewController.h */,
				A30555981F2B879800814A37 /* ViewController.m */,
				A305559A1F2B879800814A37 /* Main.storyboard */,
				A305559D1F2B879800814A37 /* Assets.xcassets */,
				A30555C41F2B892200814A37 /* comment_DlN7Sn2Fmr84alVSCzygILvW3lgjAUR5.jpg */,
				A305559F1F2B879800814A37 /* LaunchScreen.storyboard */,
				A30555A21F2B879800814A37 /* Info.plist */,
				A30555911F2B879800814A37 /* Supporting Files */,
			);
			path = "ex2-6-1";
			sourceTree = "<group>";
		};
		A30555911F2B879800814A37 /* Supporting Files */ = {
			isa = PBXGroup;
			children = (
				A30555921F2B879800814A37 /* main.m */,
			);
			name = "Supporting Files";
			sourceTree = "<group>";
		};
		A30555AA1F2B879800814A37 /* ex2-6-1Tests */ = {
			isa = PBXGroup;
			children = (
				A30555AB1F2B879800814A37 /* ex2_6_1Tests.m */,
				A30555AD1F2B879800814A37 /* Info.plist */,
			);
			path = "ex2-6-1Tests";
			sourceTree = "<group>";
		};
		A30555B51F2B879800814A37 /* ex2-6-1UITests */ = {
			isa = PBXGroup;
			children = (
				A30555B61F2B879800814A37 /* ex2_6_1UITests.m */,
				A30555B81F2B879800814A37 /* Info.plist */,
			);
			path = "ex2-6-1UITests";
			sourceTree = "<group>";
		};
/* End PBXGroup section */

/* Begin PBXNativeTarget section */
		A305558D1F2B879800814A37 /* ex2-6-1 */ = {
			isa = PBXNativeTarget;
			buildConfigurationList = A30555BB1F2B879800814A37 /* Build configuration list for PBXNativeTarget "ex2-6-1" */;
			buildPhases = (
				A305558A1F2B879800814A37 /* Sources */,
				A305558B1F2B879800814A37 /* Frameworks */,
				A305558C1F2B879800814A37 /* Resources */,
			);
			buildRules = (
			);
			dependencies = (
			);
			name = "ex2-6-1";
			productName = "ex2-6-1";
			productReference = A305558E1F2B879800814A37 /* ex2-6-1.app */;
			productType = "com.apple.product-type.application";
		};
		A30555A61F2B879800814A37 /* ex2-6-1Tests */ = {
			isa = PBXNativeTarget;
			buildConfigurationList = A30555BE1F2B879800814A37 /* Build configuration list for PBXNativeTarget "ex2-6-1Tests" */;
			buildPhases = (
				A30555A31F2B879800814A37 /* Sources */,
				A30555A41F2B879800814A37 /* Frameworks */,
				A30555A51F2B879800814A37 /* Resources */,
			);
			buildRules = (
			);
			dependencies = (
				A30555A91F2B879800814A37 /* PBXTargetDependency */,
			);
			name = "ex2-6-1Tests";
			productName = "ex2-6-1Tests";
			productReference = A30555A71F2B879800814A37 /* ex2-6-1Tests.xctest */;
			productType = "com.apple.product-type.bundle.unit-test";
		};
		A30555B11F2B879800814A37 /* ex2-6-1UITests */ = {
			isa = PBXNativeTarget;
			buildConfigurationList = A30555C11F2B879800814A37 /* Build configuration list for PBXNativeTarget "ex2-6-1UITests" */;
			buildPhases = (
				A30555AE1F2B879800814A37 /* Sources */,
				A30555AF1F2B879800814A37 /* Frameworks */,
				A30555B01F2B879800814A37 /* Resources */,
			);
			buildRules = (
			);
			dependencies = (
				A30555B41F2B879800814A37 /* PBXTargetDependency */,
			);
			name = "ex2-6-1UITests";
			productName = "ex2-6-1UITests";
			productReference = A30555B21F2B879800814A37 /* ex2-6-1UITests.xctest */;
			productType = "com.apple.product-type.bundle.ui-testing";
		};
/* End PBXNativeTarget section */

/* Begin PBXProject section */
		A30555861F2B879800814A37 /* Project object */ = {
			isa = PBXProject;
			attributes = {
				LastUpgradeCheck = 0830;
				ORGANIZATIONNAME = ryota;
				TargetAttributes = {
					A305558D1F2B879800814A37 = {
						CreatedOnToolsVersion = 8.3.3;
						DevelopmentTeam = D45W353TAJ;
						ProvisioningStyle = Automatic;
					};
					A30555A61F2B879800814A37 = {
						CreatedOnToolsVersion = 8.3.3;
						DevelopmentTeam = 5V89BB5PY3;
						ProvisioningStyle = Automatic;
						TestTargetID = A305558D1F2B879800814A37;
					};
					A30555B11F2B879800814A37 = {
						CreatedOnToolsVersion = 8.3.3;
						DevelopmentTeam = 5V89BB5PY3;
						ProvisioningStyle = Automatic;
						TestTargetID = A305558D1F2B879800814A37;
					};
				};
			};
			buildConfigurationList = A30555891F2B879800814A37 /* Build configuration list for PBXProject "ex2-6-1" */;
			compatibilityVersion = "Xcode 3.2";
			developmentRegion = English;
			hasScannedForEncodings = 0;
			knownRegions = (
				en,
				Base,
			);
			mainGroup = A30555851F2B879800814A37;
			productRefGroup = A305558F1F2B879800814A37 /* Products */;
			projectDirPath = "";
			projectRoot = "";
			targets = (
				A305558D1F2B879800814A37 /* ex2-6-1 */,
				A30555A61F2B879800814A37 /* ex2-6-1Tests */,
				A30555B11F2B879800814A37 /* ex2-6-1UITests */,
			);
		};
/* End PBXProject section */

/* Begin PBXResourcesBuildPhase section */
		A305558C1F2B879800814A37 /* Resources */ = {
			isa = PBXResourcesBuildPhase;
			buildActionMask = 2147483647;
			files = (
				A30555C51F2B892200814A37 /* comment_DlN7Sn2Fmr84alVSCzygILvW3lgjAUR5.jpg in Resources */,
				A30555A11F2B879800814A37 /* LaunchScreen.storyboard in Resources */,
				A305559E1F2B879800814A37 /* Assets.xcassets in Resources */,
				A305559C1F2B879800814A37 /* Main.storyboard in Resources */,
			);
			runOnlyForDeploymentPostprocessing = 0;
		};
		A30555A51F2B879800814A37 /* Resources */ = {
			isa = PBXResourcesBuildPhase;
			buildActionMask = 2147483647;
			files = (
			);
			runOnlyForDeploymentPostprocessing = 0;
		};
		A30555B01F2B879800814A37 /* Resources */ = {
			isa = PBXResourcesBuildPhase;
			buildActionMask = 2147483647;
			files = (
			);
			runOnlyForDeploymentPostprocessing = 0;
		};
/* End PBXResourcesBuildPhase section */

/* Begin PBXSourcesBuildPhase section */
		A305558A1F2B879800814A37 /* Sources */ = {
			isa = PBXSourcesBuildPhase;
			buildActionMask = 2147483647;
			files = (
				A30555991F2B879800814A37 /* ViewController.m in Sources */,
				A30555961F2B879800814A37 /* AppDelegate.m in Sources */,
				A30555931F2B879800814A37 /* main.m in Sources */,
			);
			runOnlyForDeploymentPostprocessing = 0;
		};
		A30555A31F2B879800814A37 /* Sources */ = {
			isa = PBXSourcesBuildPhase;
			buildActionMask = 2147483647;
			files = (
				A30555AC1F2B879800814A37 /* ex2_6_1Tests.m in Sources */,
			);
			runOnlyForDeploymentPostprocessing = 0;
		};
		A30555AE1F2B879800814A37 /* Sources */ = {
			isa = PBXSourcesBuildPhase;
			buildActionMask = 2147483647;
			files = (
				A30555B71F2B879800814A37 /* ex2_6_1UITests.m in Sources */,
			);
			runOnlyForDeploymentPostprocessing = 0;
		};
/* End PBXSourcesBuildPhase section */

/* Begin PBXTargetDependency section */
		A30555A91F2B879800814A37 /* PBXTargetDependency */ = {
			isa = PBXTargetDependency;
			target = A305558D1F2B879800814A37 /* ex2-6-1 */;
			targetProxy = A30555A81F2B879800814A37 /* PBXContainerItemProxy */;
		};
		A30555B41F2B879800814A37 /* PBXTargetDependency */ = {
			isa = PBXTargetDependency;
			target = A305558D1F2B879800814A37 /* ex2-6-1 */;
			targetProxy = A30555B31F2B879800814A37 /* PBXContainerItemProxy */;
		};
/* End PBXTargetDependency section */

/* Begin PBXVariantGroup section */
		A305559A1F2B879800814A37 /* Main.storyboard */ = {
			isa = PBXVariantGroup;
			children = (
				A305559B1F2B879800814A37 /* Base */,
			);
			name = Main.storyboard;
			sourceTree = "<group>";
		};
		A305559F1F2B879800814A37 /* LaunchScreen.storyboard */ = {
			isa = PBXVariantGroup;
			children = (
				A30555A01F2B879800814A37 /* Base */,
			);
			name = LaunchScreen.storyboard;
			sourceTree = "<group>";
		};
/* End PBXVariantGroup section */

/* Begin XCBuildConfiguration section */
		A30555B91F2B879800814A37 /* Debug */ = {
			isa = XCBuildConfiguration;
			buildSettings = {
				ALWAYS_SEARCH_USER_PATHS = NO;
				CLANG_ANALYZER_NONNULL = YES;
				CLANG_ANALYZER_NUMBER_OBJECT_CONVERSION = YES_AGGRESSIVE;
				CLANG_CXX_LANGUAGE_STANDARD = "gnu++0x";
				CLANG_CXX_LIBRARY = "libc++";
				CLANG_ENABLE_MODULES = YES;
				CLANG_ENABLE_OBJC_ARC = YES;
				CLANG_WARN_BOOL_CONVERSION = YES;
				CLANG_WARN_CONSTANT_CONVERSION = YES;
				CLANG_WARN_DIRECT_OBJC_ISA_USAGE = YES_ERROR;
				CLANG_WARN_DOCUMENTATION_COMMENTS = YES;
				CLANG_WARN_EMPTY_BODY = YES;
				CLANG_WARN_ENUM_CONVERSION = YES;
				CLANG_WARN_INFINITE_RECURSION = YES;
				CLANG_WARN_INT_CONVERSION = YES;
				CLANG_WARN_OBJC_ROOT_CLASS = YES_ERROR;
				CLANG_WARN_SUSPICIOUS_MOVE = YES;
				CLANG_WARN_UNREACHABLE_CODE = YES;
				CLANG_WARN__DUPLICATE_METHOD_MATCH = YES;
				"CODE_SIGN_IDENTITY[sdk=iphoneos*]" = "iPhone Developer";
				COPY_PHASE_STRIP = NO;
				DEBUG_INFORMATION_FORMAT = dwarf;
				ENABLE_STRICT_OBJC_MSGSEND = YES;
				ENABLE_TESTABILITY = YES;
				GCC_C_LANGUAGE_STANDARD = gnu99;
				GCC_DYNAMIC_NO_PIC = NO;
				GCC_NO_COMMON_BLOCKS = YES;
				GCC_OPTIMIZATION_LEVEL = 0;
				GCC_PREPROCESSOR_DEFINITIONS = (
					"DEBUG=1",
					"$(inherited)",
				);
				GCC_WARN_64_TO_32_BIT_CONVERSION = YES;
				GCC_WARN_ABOUT_RETURN_TYPE = YES_ERROR;
				GCC_WARN_UNDECLARED_SELECTOR = YES;
				GCC_WARN_UNINITIALIZED_AUTOS = YES_AGGRESSIVE;
				GCC_WARN_UNUSED_FUNCTION = YES;
				GCC_WARN_UNUSED_VARIABLE = YES;
				IPHONEOS_DEPLOYMENT_TARGET = 10.3;
				MTL_ENABLE_DEBUG_INFO = YES;
				ONLY_ACTIVE_ARCH = YES;
				SDKROOT = iphoneos;
				TARGETED_DEVICE_FAMILY = "1,2";
			};
			name = Debug;
		};
		A30555BA1F2B879800814A37 /* Release */ = {
			isa = XCBuildConfiguration;
			buildSettings = {
				ALWAYS_SEARCH_USER_PATHS = NO;
				CLANG_ANALYZER_NONNULL = YES;
				CLANG_ANALYZER_NUMBER_OBJECT_CONVERSION = YES_AGGRESSIVE;
				CLANG_CXX_LANGUAGE_STANDARD = "gnu++0x";
				CLANG_CXX_LIBRARY = "libc++";
				CLANG_ENABLE_MODULES = YES;
				CLANG_ENABLE_OBJC_ARC = YES;
				CLANG_WARN_BOOL_CONVERSION = YES;
				CLANG_WARN_CONSTANT_CONVERSION = YES;
				CLANG_WARN_DIRECT_OBJC_ISA_USAGE = YES_ERROR;
				CLANG_WARN_DOCUMENTATION_COMMENTS = YES;
				CLANG_WARN_EMPTY_BODY = YES;
				CLANG_WARN_ENUM_CONVERSION = YES;
				CLANG_WARN_INFINITE_RECURSION = YES;
				CLANG_WARN_INT_CONVERSION = YES;
				CLANG_WARN_OBJC_ROOT_CLASS = YES_ERROR;
				CLANG_WARN_SUSPICIOUS_MOVE = YES;
				CLANG_WARN_UNREACHABLE_CODE = YES;
				CLANG_WARN__DUPLICATE_METHOD_MATCH = YES;
				"CODE_SIGN_IDENTITY[sdk=iphoneos*]" = "iPhone Developer";
				COPY_PHASE_STRIP = NO;
				DEBUG_INFORMATION_FORMAT = "dwarf-with-dsym";
				ENABLE_NS_ASSERTIONS = NO;
				ENABLE_STRICT_OBJC_MSGSEND = YES;
				GCC_C_LANGUAGE_STANDARD = gnu99;
				GCC_NO_COMMON_BLOCKS = YES;
				GCC_WARN_64_TO_32_BIT_CONVERSION = YES;
				GCC_WARN_ABOUT_RETURN_TYPE = YES_ERROR;
				GCC_WARN_UNDECLARED_SELECTOR = YES;
				GCC_WARN_UNINITIALIZED_AUTOS = YES_AGGRESSIVE;
				GCC_WARN_UNUSED_FUNCTION = YES;
				GCC_WARN_UNUSED_VARIABLE = YES;
				IPHONEOS_DEPLOYMENT_TARGET = 10.3;
				MTL_ENABLE_DEBUG_INFO = NO;
				SDKROOT = iphoneos;
				TARGETED_DEVICE_FAMILY = "1,2";
				VALIDATE_PRODUCT = YES;
			};
			name = Release;
		};
		A30555BC1F2B879800814A37 /* Debug */ = {
			isa = XCBuildConfiguration;
			buildSettings = {
				ASSETCATALOG_COMPILER_APPICON_NAME = AppIcon;
				DEVELOPMENT_TEAM = D45W353TAJ;
				INFOPLIST_FILE = "ex2-6-1/Info.plist";
				LD_RUNPATH_SEARCH_PATHS = "$(inherited) @executable_path/Frameworks";
				PRODUCT_BUNDLE_IDENTIFIER = "ryotaF.ex2-6-1";
				PRODUCT_NAME = "$(TARGET_NAME)";
			};
			name = Debug;
		};
		A30555BD1F2B879800814A37 /* Release */ = {
			isa = XCBuildConfiguration;
			buildSettings = {
				ASSETCATALOG_COMPILER_APPICON_NAME = AppIcon;
				DEVELOPMENT_TEAM = D45W353TAJ;
				INFOPLIST_FILE = "ex2-6-1/Info.plist";
				LD_RUNPATH_SEARCH_PATHS = "$(inherited) @executable_path/Frameworks";
				PRODUCT_BUNDLE_IDENTIFIER = "ryotaF.ex2-6-1";
				PRODUCT_NAME = "$(TARGET_NAME)";
			};
			name = Release;
		};
		A30555BF1F2B879800814A37 /* Debug */ = {
			isa = XCBuildConfiguration;
			buildSettings = {
				BUNDLE_LOADER = "$(TEST_HOST)";
				DEVELOPMENT_TEAM = 5V89BB5PY3;
				INFOPLIST_FILE = "ex2-6-1Tests/Info.plist";
				LD_RUNPATH_SEARCH_PATHS = "$(inherited) @executable_path/Frameworks @loader_path/Frameworks";
				PRODUCT_BUNDLE_IDENTIFIER = "ryotaF.ex2-6-1Tests";
				PRODUCT_NAME = "$(TARGET_NAME)";
				TEST_HOST = "$(BUILT_PRODUCTS_DIR)/ex2-6-1.app/ex2-6-1";
			};
			name = Debug;
		};
		A30555C01F2B879800814A37 /* Release */ = {
			isa = XCBuildConfiguration;
			buildSettings = {
				BUNDLE_LOADER = "$(TEST_HOST)";
				DEVELOPMENT_TEAM = 5V89BB5PY3;
				INFOPLIST_FILE = "ex2-6-1Tests/Info.plist";
				LD_RUNPATH_SEARCH_PATHS = "$(inherited) @executable_path/Frameworks @loader_path/Frameworks";
				PRODUCT_BUNDLE_IDENTIFIER = "ryotaF.ex2-6-1Tests";
				PRODUCT_NAME = "$(TARGET_NAME)";
				TEST_HOST = "$(BUILT_PRODUCTS_DIR)/ex2-6-1.app/ex2-6-1";
			};
			name = Release;
		};
		A30555C21F2B879800814A37 /* Debug */ = {
			isa = XCBuildConfiguration;
			buildSettings = {
				DEVELOPMENT_TEAM = 5V89BB5PY3;
				INFOPLIST_FILE = "ex2-6-1UITests/Info.plist";
				LD_RUNPATH_SEARCH_PATHS = "$(inherited) @executable_path/Frameworks @loader_path/Frameworks";
				PRODUCT_BUNDLE_IDENTIFIER = "ryotaF.ex2-6-1UITests";
				PRODUCT_NAME = "$(TARGET_NAME)";
				TEST_TARGET_NAME = "ex2-6-1";
			};
			name = Debug;
		};
		A30555C31F2B879800814A37 /* Release */ = {
			isa = XCBuildConfiguration;
			buildSettings = {
				DEVELOPMENT_TEAM = 5V89BB5PY3;
				INFOPLIST_FILE = "ex2-6-1UITests/Info.plist";
				LD_RUNPATH_SEARCH_PATHS = "$(inherited) @executable_path/Frameworks @loader_path/Frameworks";
				PRODUCT_BUNDLE_IDENTIFIER = "ryotaF.ex2-6-1UITests";
				PRODUCT_NAME = "$(TARGET_NAME)";
				TEST_TARGET_NAME = "ex2-6-1";
			};
			name = Release;
		};
/* End XCBuildConfiguration section */

/* Begin XCConfigurationList section */
		A30555891F2B879800814A37 /* Build configuration list for PBXProject "ex2-6-1" */ = {
			isa = XCConfigurationList;
			buildConfigurations = (
				A30555B91F2B879800814A37 /* Debug */,
				A30555BA1F2B879800814A37 /* Release */,
			);
			defaultConfigurationIsVisible = 0;
			defaultConfigurationName = Release;
		};
		A30555BB1F2B879800814A37 /* Build configuration list for PBXNativeTarget "ex2-6-1" */ = {
			isa = XCConfigurationList;
			buildConfigurations = (
				A30555BC1F2B879800814A37 /* Debug */,
				A30555BD1F2B879800814A37 /* Release */,
			);
			defaultConfigurationIsVisible = 0;
		};
		A30555BE1F2B879800814A37 /* Build configuration list for PBXNativeTarget "ex2-6-1Tests" */ = {
			isa = XCConfigurationList;
			buildConfigurations = (
				A30555BF1F2B879800814A37 /* Debug */,
				A30555C01F2B879800814A37 /* Release */,
			);
			defaultConfigurationIsVisible = 0;
		};
		A30555C11F2B879800814A37 /* Build configuration list for PBXNativeTarget "ex2-6-1UITests" */ = {
			isa = XCConfigurationList;
			buildConfigurations = (
				A30555C21F2B879800814A37 /* Debug */,
				A30555C31F2B879800814A37 /* Release */,
			);
			defaultConfigurationIsVisible = 0;
		};
/* End XCConfigurationList section */
	};
	rootObject = A30555861F2B879800814A37 /* Project object */;
}
