// !$*UTF8*$!
{
	archiveVersion = 1;
	classes = {
	};
	objectVersion = 46;
	objects = {

/* Begin PBXBuildFile section */
		A313403D1E098FA10039CB92 /* main.m in Sources */ = {isa = PBXBuildFile; fileRef = A313403C1E098FA10039CB92 /* main.m */; };
		A31340451E0990D20039CB92 /* Account.m in Sources */ = {isa = PBXBuildFile; fileRef = A31340431E0990D20039CB92 /* Account.m */; };
		A31340481E0996630039CB92 /* FavoriteProgrammingLanguage.m in Sources */ = {isa = PBXBuildFile; fileRef = A31340471E0996630039CB92 /* FavoriteProgrammingLanguage.m */; };
/* End PBXBuildFile section */

/* Begin PBXCopyFilesBuildPhase section */
		A31340371E098FA10039CB92 /* CopyFiles */ = {
			isa = PBXCopyFilesBuildPhase;
			buildActionMask = 2147483647;
			dstPath = /usr/share/man/man1/;
			dstSubfolderSpec = 0;
			files = (
			);
			runOnlyForDeploymentPostprocessing = 1;
		};
/* End PBXCopyFilesBuildPhase section */

/* Begin PBXFileReference section */
		A31340391E098FA10039CB92 /* ex1-1-5 */ = {isa = PBXFileReference; explicitFileType = "compiled.mach-o.executable"; includeInIndex = 0; path = "ex1-1-5"; sourceTree = BUILT_PRODUCTS_DIR; };
		A313403C1E098FA10039CB92 /* main.m */ = {isa = PBXFileReference; lastKnownFileType = sourcecode.c.objc; path = main.m; sourceTree = "<group>"; };
		A31340431E0990D20039CB92 /* Account.m */ = {isa = PBXFileReference; fileEncoding = 4; lastKnownFileType = sourcecode.c.objc; name = Account.m; path = "../../ex1-1-4/ex1-1-4/Account.m"; sourceTree = "<group>"; };
		A31340441E0990D20039CB92 /* Account.h */ = {isa = PBXFileReference; fileEncoding = 4; lastKnownFileType = sourcecode.c.h; name = Account.h; path = "../../ex1-1-4/ex1-1-4/Account.h"; sourceTree = "<group>"; };
		A31340461E0996560039CB92 /* FavoriteProgrammingLanguage.h */ = {isa = PBXFileReference; lastKnownFileType = sourcecode.c.h; path = FavoriteProgrammingLanguage.h; sourceTree = "<group>"; };
		A31340471E0996630039CB92 /* FavoriteProgrammingLanguage.m */ = {isa = PBXFileReference; fileEncoding = 4; lastKnownFileType = sourcecode.c.objc; path = FavoriteProgrammingLanguage.m; sourceTree = "<group>"; };
		A3E5D9CF1E0BAABF00EEA940 /* FavoriteProgrammingLanguageDelegate.h */ = {isa = PBXFileReference; lastKnownFileType = sourcecode.c.h; path = FavoriteProgrammingLanguageDelegate.h; sourceTree = "<group>"; };
/* End PBXFileReference section */

/* Begin PBXFrameworksBuildPhase section */
		A31340361E098FA10039CB92 /* Frameworks */ = {
			isa = PBXFrameworksBuildPhase;
			buildActionMask = 2147483647;
			files = (
			);
			runOnlyForDeploymentPostprocessing = 0;
		};
/* End PBXFrameworksBuildPhase section */

/* Begin PBXGroup section */
		A31340301E098FA10039CB92 = {
			isa = PBXGroup;
			children = (
				A313403B1E098FA10039CB92 /* ex1-1-5 */,
				A313403A1E098FA10039CB92 /* Products */,
			);
			sourceTree = "<group>";
		};
		A313403A1E098FA10039CB92 /* Products */ = {
			isa = PBXGroup;
			children = (
				A31340391E098FA10039CB92 /* ex1-1-5 */,
			);
			name = Products;
			sourceTree = "<group>";
		};
		A313403B1E098FA10039CB92 /* ex1-1-5 */ = {
			isa = PBXGroup;
			children = (
				A313403C1E098FA10039CB92 /* main.m */,
				A3E5D9CF1E0BAABF00EEA940 /* FavoriteProgrammingLanguageDelegate.h */,
				A31340461E0996560039CB92 /* FavoriteProgrammingLanguage.h */,
				A31340471E0996630039CB92 /* FavoriteProgrammingLanguage.m */,
				A31340431E0990D20039CB92 /* Account.m */,
				A31340441E0990D20039CB92 /* Account.h */,
			);
			path = "ex1-1-5";
			sourceTree = "<group>";
		};
/* End PBXGroup section */

/* Begin PBXNativeTarget section */
		A31340381E098FA10039CB92 /* ex1-1-5 */ = {
			isa = PBXNativeTarget;
			buildConfigurationList = A31340401E098FA10039CB92 /* Build configuration list for PBXNativeTarget "ex1-1-5" */;
			buildPhases = (
				A31340351E098FA10039CB92 /* Sources */,
				A31340361E098FA10039CB92 /* Frameworks */,
				A31340371E098FA10039CB92 /* CopyFiles */,
			);
			buildRules = (
			);
			dependencies = (
			);
			name = "ex1-1-5";
			productName = "ex1-1-5";
			productReference = A31340391E098FA10039CB92 /* ex1-1-5 */;
			productType = "com.apple.product-type.tool";
		};
/* End PBXNativeTarget section */

/* Begin PBXProject section */
		A31340311E098FA10039CB92 /* Project object */ = {
			isa = PBXProject;
			attributes = {
				LastUpgradeCheck = 0820;
				ORGANIZATIONNAME = ryota;
				TargetAttributes = {
					A31340381E098FA10039CB92 = {
						CreatedOnToolsVersion = 8.2.1;
						ProvisioningStyle = Automatic;
					};
				};
			};
			buildConfigurationList = A31340341E098FA10039CB92 /* Build configuration list for PBXProject "ex1-1-5" */;
			compatibilityVersion = "Xcode 3.2";
			developmentRegion = English;
			hasScannedForEncodings = 0;
			knownRegions = (
				en,
			);
			mainGroup = A31340301E098FA10039CB92;
			productRefGroup = A313403A1E098FA10039CB92 /* Products */;
			projectDirPath = "";
			projectRoot = "";
			targets = (
				A31340381E098FA10039CB92 /* ex1-1-5 */,
			);
		};
/* End PBXProject section */

/* Begin PBXSourcesBuildPhase section */
		A31340351E098FA10039CB92 /* Sources */ = {
			isa = PBXSourcesBuildPhase;
			buildActionMask = 2147483647;
			files = (
				A313403D1E098FA10039CB92 /* main.m in Sources */,
				A31340451E0990D20039CB92 /* Account.m in Sources */,
				A31340481E0996630039CB92 /* FavoriteProgrammingLanguage.m in Sources */,
			);
			runOnlyForDeploymentPostprocessing = 0;
		};
/* End PBXSourcesBuildPhase section */

/* Begin XCBuildConfiguration section */
		A313403E1E098FA10039CB92 /* Debug */ = {
			isa = XCBuildConfiguration;
			buildSettings = {
				ALWAYS_SEARCH_USER_PATHS = NO;
				CLANG_ANALYZER_NONNULL = YES;
				CLANG_CXX_LANGUAGE_STANDARD = "gnu++0x";
				CLANG_CXX_LIBRARY = "libc++";
				CLANG_ENABLE_MODULES = YES;
				CLANG_ENABLE_OBJC_ARC = YES;
				CLANG_WARN_BOOL_CONVERSION = YES;
				CLANG_WARN_CONSTANT_CONVERSION = YES;
				CLANG_WARN_DIRECT_OBJC_ISA_USAGE = YES_ERROR;
				CLANG_WARN_DOCUMENTATION_COMMENTS = YES;
				CLANG_WARN_EMPTY_BODY = YES;
				CLANG_WARN_ENUM_CONVERSION = YES;
				CLANG_WARN_INFINITE_RECURSION = YES;
				CLANG_WARN_INT_CONVERSION = YES;
				CLANG_WARN_OBJC_ROOT_CLASS = YES_ERROR;
				CLANG_WARN_SUSPICIOUS_MOVE = YES;
				CLANG_WARN_UNREACHABLE_CODE = YES;
				CLANG_WARN__DUPLICATE_METHOD_MATCH = YES;
				CODE_SIGN_IDENTITY = "-";
				COPY_PHASE_STRIP = NO;
				DEBUG_INFORMATION_FORMAT = dwarf;
				ENABLE_STRICT_OBJC_MSGSEND = YES;
				ENABLE_TESTABILITY = YES;
				GCC_C_LANGUAGE_STANDARD = gnu99;
				GCC_DYNAMIC_NO_PIC = NO;
				GCC_NO_COMMON_BLOCKS = YES;
				GCC_OPTIMIZATION_LEVEL = 0;
				GCC_PREPROCESSOR_DEFINITIONS = (
					"DEBUG=1",
					"$(inherited)",
				);
				GCC_WARN_64_TO_32_BIT_CONVERSION = YES;
				GCC_WARN_ABOUT_RETURN_TYPE = YES_ERROR;
				GCC_WARN_UNDECLARED_SELECTOR = YES;
				GCC_WARN_UNINITIALIZED_AUTOS = YES_AGGRESSIVE;
				GCC_WARN_UNUSED_FUNCTION = YES;
				GCC_WARN_UNUSED_VARIABLE = YES;
				MACOSX_DEPLOYMENT_TARGET = 10.12;
				MTL_ENABLE_DEBUG_INFO = YES;
				ONLY_ACTIVE_ARCH = YES;
				SDKROOT = macosx;
			};
			name = Debug;
		};
		A313403F1E098FA10039CB92 /* Release */ = {
			isa = XCBuildConfiguration;
			buildSettings = {
				ALWAYS_SEARCH_USER_PATHS = NO;
				CLANG_ANALYZER_NONNULL = YES;
				CLANG_CXX_LANGUAGE_STANDARD = "gnu++0x";
				CLANG_CXX_LIBRARY = "libc++";
				CLANG_ENABLE_MODULES = YES;
				CLANG_ENABLE_OBJC_ARC = YES;
				CLANG_WARN_BOOL_CONVERSION = YES;
				CLANG_WARN_CONSTANT_CONVERSION = YES;
				CLANG_WARN_DIRECT_OBJC_ISA_USAGE = YES_ERROR;
				CLANG_WARN_DOCUMENTATION_COMMENTS = YES;
				CLANG_WARN_EMPTY_BODY = YES;
				CLANG_WARN_ENUM_CONVERSION = YES;
				CLANG_WARN_INFINITE_RECURSION = YES;
				CLANG_WARN_INT_CONVERSION = YES;
				CLANG_WARN_OBJC_ROOT_CLASS = YES_ERROR;
				CLANG_WARN_SUSPICIOUS_MOVE = YES;
				CLANG_WARN_UNREACHABLE_CODE = YES;
				CLANG_WARN__DUPLICATE_METHOD_MATCH = YES;
				CODE_SIGN_IDENTITY = "-";
				COPY_PHASE_STRIP = NO;
				DEBUG_INFORMATION_FORMAT = "dwarf-with-dsym";
				ENABLE_NS_ASSERTIONS = NO;
				ENABLE_STRICT_OBJC_MSGSEND = YES;
				GCC_C_LANGUAGE_STANDARD = gnu99;
				GCC_NO_COMMON_BLOCKS = YES;
				GCC_WARN_64_TO_32_BIT_CONVERSION = YES;
				GCC_WARN_ABOUT_RETURN_TYPE = YES_ERROR;
				GCC_WARN_UNDECLARED_SELECTOR = YES;
				GCC_WARN_UNINITIALIZED_AUTOS = YES_AGGRESSIVE;
				GCC_WARN_UNUSED_FUNCTION = YES;
				GCC_WARN_UNUSED_VARIABLE = YES;
				MACOSX_DEPLOYMENT_TARGET = 10.12;
				MTL_ENABLE_DEBUG_INFO = NO;
				SDKROOT = macosx;
			};
			name = Release;
		};
		A31340411E098FA10039CB92 /* Debug */ = {
			isa = XCBuildConfiguration;
			buildSettings = {
				PRODUCT_NAME = "$(TARGET_NAME)";
			};
			name = Debug;
		};
		A31340421E098FA10039CB92 /* Release */ = {
			isa = XCBuildConfiguration;
			buildSettings = {
				PRODUCT_NAME = "$(TARGET_NAME)";
			};
			name = Release;
		};
/* End XCBuildConfiguration section */

/* Begin XCConfigurationList section */
		A31340341E098FA10039CB92 /* Build configuration list for PBXProject "ex1-1-5" */ = {
			isa = XCConfigurationList;
			buildConfigurations = (
				A313403E1E098FA10039CB92 /* Debug */,
				A313403F1E098FA10039CB92 /* Release */,
			);
			defaultConfigurationIsVisible = 0;
			defaultConfigurationName = Release;
		};
		A31340401E098FA10039CB92 /* Build configuration list for PBXNativeTarget "ex1-1-5" */ = {
			isa = XCConfigurationList;
			buildConfigurations = (
				A31340411E098FA10039CB92 /* Debug */,
				A31340421E098FA10039CB92 /* Release */,
			);
			defaultConfigurationIsVisible = 0;
			defaultConfigurationName = Release;
		};
/* End XCConfigurationList section */
	};
	rootObject = A31340311E098FA10039CB92 /* Project object */;
}
